3.5-impacto-no-consumo-juvenil
5.5-estratégia-de-negociação-em-3-níveis
a-comparticipação-vai-custar-muito-ao-sns
a-descriminalização-de-2001-resultados-comprovados
a-prioridade-deve-ser-educação-e-prevenção
a-proibição-em-portugal-decreto-lei-42070-1970-1983
a-questão-central-que-devemos-responder
a-resposta-a-porquê-legalizar-recreativo
alemanha-2024-o-modelo-de-clubes-sociais
alemanha-segundo-produtor-europeu
alemanha-taxa-operacional
alterações-regulatórias-propostas
anexo-a-funcionamento-dos-clubes-sociais-de-cannabis-modelo-alemão
anexo-b-sistema-de-sementes-certificadas
anexo-c-o-modelo-suíço-de-pilotos-científicos-cannabis-2023-2025
anexo-d-guia-de-argumentação
anexo-e-registo-de-posições-oficiais-dos-partidos
análise-custo-benefício-para-o-sns
análise-da-lei-332018-porque-falhou
análise-económica
argumentos-legais-e-de-governança
argumentos-morais-e-ideológicos
argumentos-sobre-saúde-pública
argumentos-sobre-segurança-e-criminalidade
as-três-fases-quando
ataque-1-não-existe-prova-científica-de-que-a-legalização-diminui-o-tráfico
ataque-1-o-livre-quer-drogar-a-juventude-portuguesa
ataque-2-uma-ganza-é-o-início-de-uma-vida-de-toxicodependência
ataque-3-estão-a-ignorar-os-cientistas-que-se-opõem
ataque-4-o-livre-é-o-partido-da-droga
auditoria-financeira-independente
autocultivo-regulado-proposta-de-compromisso
avaliação-da-implementação-alemã-janeiro-2026
barreiras-ao-acesso-por-que-tão-poucas-variedades-e-receitas
barreiras-atuais
benefícios-ambientais
bottlenecks
canadá-2018-lições-do-modelo-comercial
canais-de-aquisição-legal
cannabis-e-condução-um-desafio-de-implementação
cannabis-medicinal-2018-o-paradoxo-moderno
cannabis-medicinal-uma-promessa-por-cumprir
capacidade-laboratorial-testes-iso-17025
captura-de-carbono
cbd-já-está-disponível---não-precisamos-de-legalizar-thc
cenário-conservador-48-60-meses-probabilidade-20-30
cenário-conservador-5-anos
cenário-optimista-fase-1-6-9-meses-fase-2-18-24-meses-fase-3-horizonte-2033-probabilidade-20-30
cenário-realista-fase-1-9-12-meses-fase-2-24-36-meses-fase-3-horizonte-2034-probabilidade-40-50
clubes-sociais-de-cannabis
coerência-com-outras-políticas-do-livre
como-a-nossa-proposta-mitiga-estes-riscos
como-funcionam-os-clubes-sociais-na-alemanha
como-usar-este-guia
comparação-de-riscos-lancet-2010
comparação-internacional-de-comparticipação
comparação-modelo-suíço-vs-modelo-português-proposto
comparação-preços-clube-vs-mercado-negro-vs-comercial
conclusão
conclusão-hora-de-resolver-a-contradição
conclusão-modelo-suíço-como-benchmark-rigor-científico
condução
consumo-de-água
consumo-problemático-novos-dados-icad-2024
contexto-histórico
coordenação-europeia-desafios-legais-ueschengen-e-estratégia-multilateral
credito-cooperativo
critérios-de-elegibilidade
critérios-de-qualidade
cronograma
cronograma-base-cenário-realista
cronograma-cenarios
cronograma-e-avaliação
cronograma-proposto
crowdfunding
cultivo-obrigatório-política-régia-de-cânhamo
custo-atual-para-os-doentes
custo-total-clube-400-membros-médio
cânhamo-industrial-uma-oportunidade-económica-e-ambiental
desafio-bancario
descriminalização-2000-portugal-desafia-o-consenso-internacional
destigmatização-requer-integração-sistema-saúde
diferença-estratégia-portugal-vs-alemanha
diferenças-críticas-2000-vs.-2026
e-os-acidentes-de-viação
eficácia-médica-evidência-por-condição
eleições-intercalares
enquadramento-legal
enquadramento-regulatório
espanha-o-risco-da-não-regulação
espanha-tentou-clubes-sem-fins-lucrativos.-tornaram-se-criminosos.-porque-portugal-será-diferente
estado-actual-da-implementação-janeiro-2026
estrategia-comunicacao
estrategia-fases
estratégia-multilateral-trabalhar-para-mudança-política-europeia
estratégias-para-construir-pontes
estrutura-de-custos-operacionais-clube-300-500-membros
evidência-científica-para-alargamento
exemplos-internacionais
exportação-massiva-acesso-interno-mínimo
fase-1-cânhamo-industrial-revisão-cannabis-medicinal-imediata
fase-1-imediata-cânhamo-industrial-revisão-cannabis-medicinal
fase-2-após-fase-1-mostrar-resultados-clubes-sociais-autocultivo-recreativo
fase-2-clubes-sociais-autocultivo-recreativo-após-resultados-fase-1
fase-3-condicional-se-dados-da-fase-2-forem-positivos-venda-comercial-regulada
fase-3-venda-comercial-regulada-horizonte-condicional
finalidade-e-regras-do-registo
financiamento
financiamento-inicial
fitorremediação-de-solos
fontes-financiamento
framework-regulatório-suíço
frança-líder-europeu
gap-capital
gap-mercado
governance-e-prevenção-de-desvios-comerciais
honestidade-com-eleitores-e-decisores-políticos
honestidade-política-fase-comercial-pode-nunca-acontecer
idade-21-vs-25
impacto-esperado-dos-clubes-sociais-no-mercado-ilegal
impacto-mercado-negro
indicações-atualmente-aprovadas-em-portugal
indicações-terapêuticas
inspecções-surpresa
integração-com-a-indústria-existente
integração-da-indústria-licenciada-existente
isto-deveria-ser-tratado-como-questão-técnico-científica-não-política
isto-vai-normalizar-o-consumo
itália-renascença-do-cânhamo
legislação-federal-cannabis-products-act-2025-2026
legislação-internacional-comparada
lei-302000-descriminalização-o-precedente-mais-relevante
licenciamento
limites-de-distribuição-aos-membros
lições-aprendidas-o-que-portugal-pode-importar-do-modelo-suíço
lições-da-alemanha
mapa-de-posições
mercado-europeu-e-global
mix-financiamento
modelo-de-certificação-proposto-para-portugal
modelo-de-comparticipação-proposto
modelo-de-custos-exemplo-real
modelo-de-financiamento-e-regulação-de-preços
modelo-económico-detalhado-estrutura-de-custos-e-financiamento
modelo-faseado
modelos-de-distribuição-testados
modelos-internacionais
mudança-de-paradigma-global-1960-1970s
nossa-proposta-para-portugal
nota-sobre-realismo-do-cronograma
notas-detalhadas-sobre-posições-partidárias
o-autocultivo-impossibilita-controlar-a-concentração-de-thc
o-autocultivo-não-pode-ser-controlado
o-cânhamo-na-história-marítima-portuguesa
o-livre-quer-comparticipação-para-quem-fuma-canábis-recreativamente-em-cafés
o-mercado-negro-a-realidade-que-a-proibição-não-elimina
o-obstáculo-legal-comissão-europeia-bloqueou-venda-comercial-alemã
o-panorama-português-em-números
o-paradoxo-português
o-paradoxo-português-1
o-problema
o-problema-actual-criminalização-sem-reduzir-consumo
o-que-a-regulação-permite-redução-de-danos
o-que-diz-a-ciência
o-que-propomos-três-pilares-três-fases
o-que-são-os-cannabis-social-clubs-anbauvereinigungen
obrigações-de-saúde-pública
obstáculos-portugueses-não-resolvidos-por-modelo-suíço
obstáculos-suíços-resolvidosmitigados
obstáculos-suíços-vs-obstáculos-portugueses
oportunidade-económica-para-portugal
opt-out-cantonal-reduz-resistência-política
os-três-pilares-o-que
outras-legislações-controversas-em-portugal
overview-dos-pilotos-suíços
padrões-consumo-e-saúde
padrões-de-qualidade-produto
parcerias-medicinal
parcerias-universitárias
parte-i-contexto-e-diagnóstico
parte-ii-proposta
parte-iii-anexos
perguntas-padrão
pilar-1-cannabis-medicinal-1
pilar-2-cannabis-recreativa-1
pilar-3-cânhamo-industrial-1
pilotos-aprovados-e-operacionais-2023-2025
porquê-esta-abordagem
portugal-não-precisa-de-ser-cobaia
posição-livre-na-assembleiacomunicação-pública
posições-partidárias-e-estratégia-de-consenso
posse-e-consumo
potencial-de-co2
precedentes-legislativos
precisamos-primeiro-de-estudar-mais
prevalência-de-consumo-abaixo-da-média-europeia
prevenção-de-turismo-cannabis-lições-de-amsterdam-e-barcelona
preços-competitivos-mercado-negro-essenciais
preços-e-tributação
princípios-orientadores-porquê-regular-o-uso-recreativo
produtos-e-cadeias-de-valor
programa-de-whistleblowing-denúncia-protegida
programa-piloto-nacional
proibição-de-retenção-de-excedentes
projeções-económicas-para-portugal
proposta-de-alargamento
proposta-de-comparticipação
proposta-legislativa-principal
proposta-legislativa-resumida
proposta-redirecionamento-para-o-mercado-interno
propostas-de-simplificação
proteccao-laboral
proteção-do-desenvolvimento-cognitivo-em-jovens-adultos
pré-proibição-cannabis-antes-dos-tratados-internacionais-até-1970
próximos-passos
recomendações-prioritárias
referências
registo-por-partido
regiões-prioritárias
regras-de-funcionamento
regras-principais
regulamentação-secundária-infarmedsicadivv
regulação-europeia-atual
requisitos-de-adesão
resistência-municipal
resultados-preliminares-2023-2024
rigor-científico-como-legitimação-política
riscos-do-mercado-não-regulado-euda-2024-2025
riscos-para-a-saúde-mental-a-evidência-que-levamos-a-sério
saúde-do-solo
segurança-pública
sensitivity-roi
simplificação-do-acesso
situação-regulatória-em-portugal
subsídios-pac-disponíveis
sumário-executivo
síntese-das-ações-prioritárias
tabela-comparativa-internacional
tailandia-chicote
testes-múltiplos-modelos-distribuição
timeline-realista-3-5-anos-dados-antes-legalização-nacional
tipos-de-sementes
transição-pilotos-legalização-nacional
transparência-de-preços-em-vez-de-tecto-rígido
transparência-financeira-mensal
táctica-geral-de-debate
uruguai-2013-lições-de-uma-década
uso-medicinal-tradicional
vantagens-competitivas-de-portugal
viabilidade-económica-ponto-de-equilíbrio
viola-tratados-internacionais
zero-leakage-é-possível-mas-requer-enforcement-inteligente
